
Microsoft Visual Studio Solution File, Format Version 12.00
# Visual Studio Version 16
VisualStudioVersion = 16.0.30717.126
MinimumVisualStudioVersion = 10.0.40219.1
Project("{FAE04EC0-301F-11D3-BF4B-00C04F79EFBC}") = "T4EJ2", "T4EJ2\T4EJ2.csproj", "{C77CBADF-A835-4FD5-81A4-E71D7D9C0EE2}"
EndProject
Global
	GlobalSection(SolutionConfigurationPlatforms) = preSolution
		Debug|Any CPU = Debug|Any CPU
		Release|Any CPU = Release|Any CPU
	EndGlobalSection
	GlobalSection(ProjectConfigurationPlatforms) = postSolution
		{C77CBADF-A835-4FD5-81A4-E71D7D9C0EE2}.Debug|Any CPU.ActiveCfg = Debug|Any CPU
		{C77CBADF-A835-4FD5-81A4-E71D7D9C0EE2}.Debug|Any CPU.Build.0 = Debug|Any CPU
		{C77CBADF-A835-4FD5-81A4-E71D7D9C0EE2}.Release|Any CPU.ActiveCfg = Release|Any CPU
		{C77CBADF-A835-4FD5-81A4-E71D7D9C0EE2}.Release|Any CPU.Build.0 = Release|Any CPU
	EndGlobalSection
	GlobalSection(SolutionProperties) = preSolution
		HideSolutionNode = FALSE
	EndGlobalSection
	GlobalSection(ExtensibilityGlobals) = postSolution
		SolutionGuid = {35F7E146-E1DD-469C-B3CA-0C0DAF0E3A06}
	EndGlobalSection
EndGlobal
