
Microsoft Visual Studio Solution File, Format Version 12.00
# Visual Studio Version 16
VisualStudioVersion = 16.0.29123.88
MinimumVisualStudioVersion = 10.0.40219.1
Project("{FAE04EC0-301F-11D3-BF4B-00C04F79EFBC}") = "Services T3EJ2", "Services T3EJ2\Services T3EJ2.csproj", "{7DC30BAF-AB9F-4E3A-8E88-0A79582ADE23}"
EndProject
Global
	GlobalSection(SolutionConfigurationPlatforms) = preSolution
		Debug|Any CPU = Debug|Any CPU
		Release|Any CPU = Release|Any CPU
	EndGlobalSection
	GlobalSection(ProjectConfigurationPlatforms) = postSolution
		{7DC30BAF-AB9F-4E3A-8E88-0A79582ADE23}.Debug|Any CPU.ActiveCfg = Debug|Any CPU
		{7DC30BAF-AB9F-4E3A-8E88-0A79582ADE23}.Debug|Any CPU.Build.0 = Debug|Any CPU
		{7DC30BAF-AB9F-4E3A-8E88-0A79582ADE23}.Release|Any CPU.ActiveCfg = Release|Any CPU
		{7DC30BAF-AB9F-4E3A-8E88-0A79582ADE23}.Release|Any CPU.Build.0 = Release|Any CPU
	EndGlobalSection
	GlobalSection(SolutionProperties) = preSolution
		HideSolutionNode = FALSE
	EndGlobalSection
	GlobalSection(ExtensibilityGlobals) = postSolution
		SolutionGuid = {2A7DA470-4245-4988-B882-8C88BD13746A}
	EndGlobalSection
EndGlobal
