
Microsoft Visual Studio Solution File, Format Version 12.00
# Visual Studio Version 16
VisualStudioVersion = 16.0.30717.126
MinimumVisualStudioVersion = 10.0.40219.1
Project("{FAE04EC0-301F-11D3-BF4B-00C04F79EFBC}") = "T4EJ1", "T4EJ1\T4EJ1.csproj", "{7F4A1006-E023-46E7-9C50-EA9376DB3ACA}"
EndProject
Global
	GlobalSection(SolutionConfigurationPlatforms) = preSolution
		Debug|Any CPU = Debug|Any CPU
		Release|Any CPU = Release|Any CPU
	EndGlobalSection
	GlobalSection(ProjectConfigurationPlatforms) = postSolution
		{7F4A1006-E023-46E7-9C50-EA9376DB3ACA}.Debug|Any CPU.ActiveCfg = Debug|Any CPU
		{7F4A1006-E023-46E7-9C50-EA9376DB3ACA}.Debug|Any CPU.Build.0 = Debug|Any CPU
		{7F4A1006-E023-46E7-9C50-EA9376DB3ACA}.Release|Any CPU.ActiveCfg = Release|Any CPU
		{7F4A1006-E023-46E7-9C50-EA9376DB3ACA}.Release|Any CPU.Build.0 = Release|Any CPU
	EndGlobalSection
	GlobalSection(SolutionProperties) = preSolution
		HideSolutionNode = FALSE
	EndGlobalSection
	GlobalSection(ExtensibilityGlobals) = postSolution
		SolutionGuid = {396B06FB-E803-4A0B-A88C-9F3BD74EDFA6}
	EndGlobalSection
EndGlobal
