
Microsoft Visual Studio Solution File, Format Version 12.00
# Visual Studio Version 16
VisualStudioVersion = 16.0.30523.141
MinimumVisualStudioVersion = 10.0.40219.1
Project("{9A19103F-16F7-4668-BE54-9A1E7A4F7556}") = "Menu", "Menu/Menu.csproj", "{BE51F1EF-3AA9-4B66-80CE-5295C166A544}"
EndProject
Global
	GlobalSection(SolutionConfigurationPlatforms) = preSolution
		Debug|Any CPU = Debug|Any CPU
		Release|Any CPU = Release|Any CPU
	EndGlobalSection
	GlobalSection(ProjectConfigurationPlatforms) = postSolution
		{BE51F1EF-3AA9-4B66-80CE-5295C166A544}.Debug|Any CPU.ActiveCfg = Debug|Any CPU
		{BE51F1EF-3AA9-4B66-80CE-5295C166A544}.Debug|Any CPU.Build.0 = Debug|Any CPU
		{BE51F1EF-3AA9-4B66-80CE-5295C166A544}.Release|Any CPU.ActiveCfg = Release|Any CPU
		{BE51F1EF-3AA9-4B66-80CE-5295C166A544}.Release|Any CPU.Build.0 = Release|Any CPU
	EndGlobalSection
	GlobalSection(SolutionProperties) = preSolution
		HideSolutionNode = FALSE
	EndGlobalSection
	GlobalSection(ExtensibilityGlobals) = postSolution
		SolutionGuid = {F59434C7-E81E-4260-9D01-4866FBA472CB}
	EndGlobalSection
EndGlobal
