
Microsoft Visual Studio Solution File, Format Version 12.00
# Visual Studio Version 16
VisualStudioVersion = 16.0.29123.88
MinimumVisualStudioVersion = 10.0.40219.1
Project("{FAE04EC0-301F-11D3-BF4B-00C04F79EFBC}") = "T3EJ4", "T3EJ4\T3EJ4.csproj", "{2D5CEE27-9AAA-485C-8801-A5F43EDDA909}"
EndProject
Global
	GlobalSection(SolutionConfigurationPlatforms) = preSolution
		Debug|Any CPU = Debug|Any CPU
		Release|Any CPU = Release|Any CPU
	EndGlobalSection
	GlobalSection(ProjectConfigurationPlatforms) = postSolution
		{2D5CEE27-9AAA-485C-8801-A5F43EDDA909}.Debug|Any CPU.ActiveCfg = Debug|Any CPU
		{2D5CEE27-9AAA-485C-8801-A5F43EDDA909}.Debug|Any CPU.Build.0 = Debug|Any CPU
		{2D5CEE27-9AAA-485C-8801-A5F43EDDA909}.Release|Any CPU.ActiveCfg = Release|Any CPU
		{2D5CEE27-9AAA-485C-8801-A5F43EDDA909}.Release|Any CPU.Build.0 = Release|Any CPU
	EndGlobalSection
	GlobalSection(SolutionProperties) = preSolution
		HideSolutionNode = FALSE
	EndGlobalSection
	GlobalSection(ExtensibilityGlobals) = postSolution
		SolutionGuid = {CD8C89D2-E3BC-405F-BD09-1DB5F638F58A}
	EndGlobalSection
EndGlobal
