
Microsoft Visual Studio Solution File, Format Version 12.00
# Visual Studio Version 16
VisualStudioVersion = 16.0.30523.141
MinimumVisualStudioVersion = 10.0.40219.1
Project("{FAE04EC0-301F-11D3-BF4B-00C04F79EFBC}") = "EJ5", "EJ5\EJ5.csproj", "{FE514978-32CA-4158-AC1D-AE582939E2BA}"
EndProject
Global
	GlobalSection(SolutionConfigurationPlatforms) = preSolution
		Debug|Any CPU = Debug|Any CPU
		Release|Any CPU = Release|Any CPU
	EndGlobalSection
	GlobalSection(ProjectConfigurationPlatforms) = postSolution
		{FE514978-32CA-4158-AC1D-AE582939E2BA}.Debug|Any CPU.ActiveCfg = Debug|Any CPU
		{FE514978-32CA-4158-AC1D-AE582939E2BA}.Debug|Any CPU.Build.0 = Debug|Any CPU
		{FE514978-32CA-4158-AC1D-AE582939E2BA}.Release|Any CPU.ActiveCfg = Release|Any CPU
		{FE514978-32CA-4158-AC1D-AE582939E2BA}.Release|Any CPU.Build.0 = Release|Any CPU
	EndGlobalSection
	GlobalSection(SolutionProperties) = preSolution
		HideSolutionNode = FALSE
	EndGlobalSection
	GlobalSection(ExtensibilityGlobals) = postSolution
		SolutionGuid = {3157E0AC-29FF-4466-8417-D907883006BD}
	EndGlobalSection
EndGlobal
